# THIS IS AN AUTOGENERATED FILE. DO NOT EDIT THIS FILE DIRECTLY.
# yarn lockfile v1


xterm-addon-web-links@^0.4.0:
  version "0.4.0"
  resolved "https://registry.yarnpkg.com/xterm-addon-web-links/-/xterm-addon-web-links-0.4.0.tgz#265cbf8221b9b315d0a748e1323bee331cd5da03"
  integrity sha512-xv8GeiINmx0zENO9hf5k+5bnkaE8mRzF+OBAr9WeFq2eLaQSudioQSiT34M1ofKbzcdjSsKiZm19Rw3i4eXamg==

xterm@^4.11.0:
  version "4.11.0"
  resolved "https://registry.yarnpkg.com/xterm/-/xterm-4.11.0.tgz#d7dabc7af5299579e4663fedf2b3a179af9aaff9"
  integrity sha512-NeJH909WTO2vth/ZlC0gkP3AGzupbvVHVlmtrpBw56/sGFXaF9bNdKgqKa3tf8qbGvXMzL2JhCcHVklqFztIRw==
